// !$*UTF8*$!
{
	archiveVersion = 1;
	classes = {
	};
	objectVersion = 56;
	objects = {

/* Begin PBXBuildFile section */
		2B8E80DE29450CC300CD3B3D /* registerViewController.swift in Sources */ = {isa = PBXBuildFile; fileRef = 2B8E80DD29450CC300CD3B3D /* registerViewController.swift */; };
		2BBA95152945087E00B2E820 /* AppDelegate.swift in Sources */ = {isa = PBXBuildFile; fileRef = 2BBA95142945087E00B2E820 /* AppDelegate.swift */; };
		2BBA95172945087E00B2E820 /* SceneDelegate.swift in Sources */ = {isa = PBXBuildFile; fileRef = 2BBA95162945087E00B2E820 /* SceneDelegate.swift */; };
		2BBA95192945087E00B2E820 /* ViewController.swift in Sources */ = {isa = PBXBuildFile; fileRef = 2BBA95182945087E00B2E820 /* ViewController.swift */; };
		2BBA951C2945087E00B2E820 /* Main.storyboard in Resources */ = {isa = PBXBuildFile; fileRef = 2BBA951A2945087E00B2E820 /* Main.storyboard */; };
		2BBA951E2945087E00B2E820 /* Assets.xcassets in Resources */ = {isa = PBXBuildFile; fileRef = 2BBA951D2945087E00B2E820 /* Assets.xcassets */; };
		2BBA95212945087E00B2E820 /* LaunchScreen.storyboard in Resources */ = {isa = PBXBuildFile; fileRef = 2BBA951F2945087E00B2E820 /* LaunchScreen.storyboard */; };
		2BBA952C2945087F00B2E820 /* loginTests.swift in Sources */ = {isa = PBXBuildFile; fileRef = 2BBA952B2945087F00B2E820 /* loginTests.swift */; };
		2BBA95362945087F00B2E820 /* loginUITests.swift in Sources */ = {isa = PBXBuildFile; fileRef = 2BBA95352945087F00B2E820 /* loginUITests.swift */; };
		2BBA95382945087F00B2E820 /* loginUITestsLaunchTests.swift in Sources */ = {isa = PBXBuildFile; fileRef = 2BBA95372945087F00B2E820 /* loginUITestsLaunchTests.swift */; };
		2BD754F22945451C00DB73A9 /* FirebaseAuth in Frameworks */ = {isa = PBXBuildFile; productRef = 2BD754F12945451C00DB73A9 /* FirebaseAuth */; };
		2BD754F42945451C00DB73A9 /* FirebaseDatabase in Frameworks */ = {isa = PBXBuildFile; productRef = 2BD754F32945451C00DB73A9 /* FirebaseDatabase */; };
		2BD754F62945451C00DB73A9 /* FirebaseFirestore in Frameworks */ = {isa = PBXBuildFile; productRef = 2BD754F52945451C00DB73A9 /* FirebaseFirestore */; };
		2BD754FA29454CF500DB73A9 /* homeViewController.swift in Sources */ = {isa = PBXBuildFile; fileRef = 2BD754F929454CF500DB73A9 /* homeViewController.swift */; };
		2BD754FC2945D6F700DB73A9 /* GoogleService-Info.plist in Resources */ = {isa = PBXBuildFile; fileRef = 2BD754FB2945D6F700DB73A9 /* GoogleService-Info.plist */; };
/* End PBXBuildFile section */

/* Begin PBXContainerItemProxy section */
		2BBA95282945087F00B2E820 /* PBXContainerItemProxy */ = {
			isa = PBXContainerItemProxy;
			containerPortal = 2BBA95092945087D00B2E820 /* Project object */;
			proxyType = 1;
			remoteGlobalIDString = 2BBA95102945087E00B2E820;
			remoteInfo = login;
		};
		2BBA95322945087F00B2E820 /* PBXContainerItemProxy */ = {
			isa = PBXContainerItemProxy;
			containerPortal = 2BBA95092945087D00B2E820 /* Project object */;
			proxyType = 1;
			remoteGlobalIDString = 2BBA95102945087E00B2E820;
			remoteInfo = login;
		};
/* End PBXContainerItemProxy section */

/* Begin PBXFileReference section */
		2B8E80DD29450CC300CD3B3D /* registerViewController.swift */ = {isa = PBXFileReference; lastKnownFileType = sourcecode.swift; path = registerViewController.swift; sourceTree = "<group>"; };
		2BBA95112945087E00B2E820 /* login.app */ = {isa = PBXFileReference; explicitFileType = wrapper.application; includeInIndex = 0; path = login.app; sourceTree = BUILT_PRODUCTS_DIR; };
		2BBA95142945087E00B2E820 /* AppDelegate.swift */ = {isa = PBXFileReference; lastKnownFileType = sourcecode.swift; path = AppDelegate.swift; sourceTree = "<group>"; };
		2BBA95162945087E00B2E820 /* SceneDelegate.swift */ = {isa = PBXFileReference; lastKnownFileType = sourcecode.swift; path = SceneDelegate.swift; sourceTree = "<group>"; };
		2BBA95182945087E00B2E820 /* ViewController.swift */ = {isa = PBXFileReference; lastKnownFileType = sourcecode.swift; path = ViewController.swift; sourceTree = "<group>"; };
		2BBA951B2945087E00B2E820 /* Base */ = {isa = PBXFileReference; lastKnownFileType = file.storyboard; name = Base; path = Base.lproj/Main.storyboard; sourceTree = "<group>"; };
		2BBA951D2945087E00B2E820 /* Assets.xcassets */ = {isa = PBXFileReference; lastKnownFileType = folder.assetcatalog; path = Assets.xcassets; sourceTree = "<group>"; };
		2BBA95202945087E00B2E820 /* Base */ = {isa = PBXFileReference; lastKnownFileType = file.storyboard; name = Base; path = Base.lproj/LaunchScreen.storyboard; sourceTree = "<group>"; };
		2BBA95222945087E00B2E820 /* Info.plist */ = {isa = PBXFileReference; lastKnownFileType = text.plist.xml; path = Info.plist; sourceTree = "<group>"; };
		2BBA95272945087F00B2E820 /* loginTests.xctest */ = {isa = PBXFileReference; explicitFileType = wrapper.cfbundle; includeInIndex = 0; path = loginTests.xctest; sourceTree = BUILT_PRODUCTS_DIR; };
		2BBA952B2945087F00B2E820 /* loginTests.swift */ = {isa = PBXFileReference; lastKnownFileType = sourcecode.swift; path = loginTests.swift; sourceTree = "<group>"; };
		2BBA95312945087F00B2E820 /* loginUITests.xctest */ = {isa = PBXFileReference; explicitFileType = wrapper.cfbundle; includeInIndex = 0; path = loginUITests.xctest; sourceTree = BUILT_PRODUCTS_DIR; };
		2BBA95352945087F00B2E820 /* loginUITests.swift */ = {isa = PBXFileReference; lastKnownFileType = sourcecode.swift; path = loginUITests.swift; sourceTree = "<group>"; };
		2BBA95372945087F00B2E820 /* loginUITestsLaunchTests.swift */ = {isa = PBXFileReference; lastKnownFileType = sourcecode.swift; path = loginUITestsLaunchTests.swift; sourceTree = "<group>"; };
		2BD754F929454CF500DB73A9 /* homeViewController.swift */ = {isa = PBXFileReference; lastKnownFileType = sourcecode.swift; path = homeViewController.swift; sourceTree = "<group>"; };
		2BD754FB2945D6F700DB73A9 /* GoogleService-Info.plist */ = {isa = PBXFileReference; fileEncoding = 4; lastKnownFileType = text.plist.xml; path = "GoogleService-Info.plist"; sourceTree = "<group>"; };
/* End PBXFileReference section */

/* Begin PBXFrameworksBuildPhase section */
		2BBA950E2945087E00B2E820 /* Frameworks */ = {
			isa = PBXFrameworksBuildPhase;
			buildActionMask = 2147483647;
			files = (
				2BD754F42945451C00DB73A9 /* FirebaseDatabase in Frameworks */,
				2BD754F22945451C00DB73A9 /* FirebaseAuth in Frameworks */,
				2BD754F62945451C00DB73A9 /* FirebaseFirestore in Frameworks */,
			);
			runOnlyForDeploymentPostprocessing = 0;
		};
		2BBA95242945087F00B2E820 /* Frameworks */ = {
			isa = PBXFrameworksBuildPhase;
			buildActionMask = 2147483647;
			files = (
			);
			runOnlyForDeploymentPostprocessing = 0;
		};
		2BBA952E2945087F00B2E820 /* Frameworks */ = {
			isa = PBXFrameworksBuildPhase;
			buildActionMask = 2147483647;
			files = (
			);
			runOnlyForDeploymentPostprocessing = 0;
		};
/* End PBXFrameworksBuildPhase section */

/* Begin PBXGroup section */
		2BBA95082945087D00B2E820 = {
			isa = PBXGroup;
			children = (
				2BBA95132945087E00B2E820 /* login */,
				2BBA952A2945087F00B2E820 /* loginTests */,
				2BBA95342945087F00B2E820 /* loginUITests */,
				2BBA95122945087E00B2E820 /* Products */,
			);
			sourceTree = "<group>";
		};
		2BBA95122945087E00B2E820 /* Products */ = {
			isa = PBXGroup;
			children = (
				2BBA95112945087E00B2E820 /* login.app */,
				2BBA95272945087F00B2E820 /* loginTests.xctest */,
				2BBA95312945087F00B2E820 /* loginUITests.xctest */,
			);
			name = Products;
			sourceTree = "<group>";
		};
		2BBA95132945087E00B2E820 /* login */ = {
			isa = PBXGroup;
			children = (
				2BBA95142945087E00B2E820 /* AppDelegate.swift */,
				2BBA95162945087E00B2E820 /* SceneDelegate.swift */,
				2BBA95182945087E00B2E820 /* ViewController.swift */,
				2BBA951A2945087E00B2E820 /* Main.storyboard */,
				2BBA951D2945087E00B2E820 /* Assets.xcassets */,
				2BD754FB2945D6F700DB73A9 /* GoogleService-Info.plist */,
				2BBA951F2945087E00B2E820 /* LaunchScreen.storyboard */,
				2BBA95222945087E00B2E820 /* Info.plist */,
				2B8E80DD29450CC300CD3B3D /* registerViewController.swift */,
				2BD754F929454CF500DB73A9 /* homeViewController.swift */,
			);
			path = login;
			sourceTree = "<group>";
		};
		2BBA952A2945087F00B2E820 /* loginTests */ = {
			isa = PBXGroup;
			children = (
				2BBA952B2945087F00B2E820 /* loginTests.swift */,
			);
			path = loginTests;
			sourceTree = "<group>";
		};
		2BBA95342945087F00B2E820 /* loginUITests */ = {
			isa = PBXGroup;
			children = (
				2BBA95352945087F00B2E820 /* loginUITests.swift */,
				2BBA95372945087F00B2E820 /* loginUITestsLaunchTests.swift */,
			);
			path = loginUITests;
			sourceTree = "<group>";
		};
/* End PBXGroup section */

/* Begin PBXNativeTarget section */
		2BBA95102945087E00B2E820 /* login */ = {
			isa = PBXNativeTarget;
			buildConfigurationList = 2BBA953B2945087F00B2E820 /* Build configuration list for PBXNativeTarget "login" */;
			buildPhases = (
				2BBA950D2945087E00B2E820 /* Sources */,
				2BBA950E2945087E00B2E820 /* Frameworks */,
				2BBA950F2945087E00B2E820 /* Resources */,
			);
			buildRules = (
			);
			dependencies = (
			);
			name = login;
			packageProductDependencies = (
				2BD754F12945451C00DB73A9 /* FirebaseAuth */,
				2BD754F32945451C00DB73A9 /* FirebaseDatabase */,
				2BD754F52945451C00DB73A9 /* FirebaseFirestore */,
			);
			productName = login;
			productReference = 2BBA95112945087E00B2E820 /* login.app */;
			productType = "com.apple.product-type.application";
		};
		2BBA95262945087F00B2E820 /* loginTests */ = {
			isa = PBXNativeTarget;
			buildConfigurationList = 2BBA953E2945087F00B2E820 /* Build configuration list for PBXNativeTarget "loginTests" */;
			buildPhases = (
				2BBA95232945087F00B2E820 /* Sources */,
				2BBA95242945087F00B2E820 /* Frameworks */,
				2BBA95252945087F00B2E820 /* Resources */,
			);
			buildRules = (
			);
			dependencies = (
				2BBA95292945087F00B2E820 /* PBXTargetDependency */,
			);
			name = loginTests;
			productName = loginTests;
			productReference = 2BBA95272945087F00B2E820 /* loginTests.xctest */;
			productType = "com.apple.product-type.bundle.unit-test";
		};
		2BBA95302945087F00B2E820 /* loginUITests */ = {
			isa = PBXNativeTarget;
			buildConfigurationList = 2BBA95412945087F00B2E820 /* Build configuration list for PBXNativeTarget "loginUITests" */;
			buildPhases = (
				2BBA952D2945087F00B2E820 /* Sources */,
				2BBA952E2945087F00B2E820 /* Frameworks */,
				2BBA952F2945087F00B2E820 /* Resources */,
			);
			buildRules = (
			);
			dependencies = (
				2BBA95332945087F00B2E820 /* PBXTargetDependency */,
			);
			name = loginUITests;
			productName = loginUITests;
			productReference = 2BBA95312945087F00B2E820 /* loginUITests.xctest */;
			productType = "com.apple.product-type.bundle.ui-testing";
		};
/* End PBXNativeTarget section */

/* Begin PBXProject section */
		2BBA95092945087D00B2E820 /* Project object */ = {
			isa = PBXProject;
			attributes = {
				BuildIndependentTargetsInParallel = 1;
				LastSwiftUpdateCheck = 1400;
				LastUpgradeCheck = 1400;
				TargetAttributes = {
					2BBA95102945087E00B2E820 = {
						CreatedOnToolsVersion = 14.0;
					};
					2BBA95262945087F00B2E820 = {
						CreatedOnToolsVersion = 14.0;
						TestTargetID = 2BBA95102945087E00B2E820;
					};
					2BBA95302945087F00B2E820 = {
						CreatedOnToolsVersion = 14.0;
						TestTargetID = 2BBA95102945087E00B2E820;
					};
				};
			};
			buildConfigurationList = 2BBA950C2945087D00B2E820 /* Build configuration list for PBXProject "login" */;
			compatibilityVersion = "Xcode 14.0";
			developmentRegion = en;
			hasScannedForEncodings = 0;
			knownRegions = (
				en,
				Base,
			);
			mainGroup = 2BBA95082945087D00B2E820;
			packageReferences = (
				2BD754F02945451C00DB73A9 /* XCRemoteSwiftPackageReference "firebase-ios-sdk" */,
			);
			productRefGroup = 2BBA95122945087E00B2E820 /* Products */;
			projectDirPath = "";
			projectRoot = "";
			targets = (
				2BBA95102945087E00B2E820 /* login */,
				2BBA95262945087F00B2E820 /* loginTests */,
				2BBA95302945087F00B2E820 /* loginUITests */,
			);
		};
/* End PBXProject section */

/* Begin PBXResourcesBuildPhase section */
		2BBA950F2945087E00B2E820 /* Resources */ = {
			isa = PBXResourcesBuildPhase;
			buildActionMask = 2147483647;
			files = (
				2BBA95212945087E00B2E820 /* LaunchScreen.storyboard in Resources */,
				2BD754FC2945D6F700DB73A9 /* GoogleService-Info.plist in Resources */,
				2BBA951E2945087E00B2E820 /* Assets.xcassets in Resources */,
				2BBA951C2945087E00B2E820 /* Main.storyboard in Resources */,
			);
			runOnlyForDeploymentPostprocessing = 0;
		};
		2BBA95252945087F00B2E820 /* Resources */ = {
			isa = PBXResourcesBuildPhase;
			buildActionMask = 2147483647;
			files = (
			);
			runOnlyForDeploymentPostprocessing = 0;
		};
		2BBA952F2945087F00B2E820 /* Resources */ = {
			isa = PBXResourcesBuildPhase;
			buildActionMask = 2147483647;
			files = (
			);
			runOnlyForDeploymentPostprocessing = 0;
		};
/* End PBXResourcesBuildPhase section */

/* Begin PBXSourcesBuildPhase section */
		2BBA950D2945087E00B2E820 /* Sources */ = {
			isa = PBXSourcesBuildPhase;
			buildActionMask = 2147483647;
			files = (
				2BBA95192945087E00B2E820 /* ViewController.swift in Sources */,
				2BBA95152945087E00B2E820 /* AppDelegate.swift in Sources */,
				2BBA95172945087E00B2E820 /* SceneDelegate.swift in Sources */,
				2BD754FA29454CF500DB73A9 /* homeViewController.swift in Sources */,
				2B8E80DE29450CC300CD3B3D /* registerViewController.swift in Sources */,
			);
			runOnlyForDeploymentPostprocessing = 0;
		};
		2BBA95232945087F00B2E820 /* Sources */ = {
			isa = PBXSourcesBuildPhase;
			buildActionMask = 2147483647;
			files = (
				2BBA952C2945087F00B2E820 /* loginTests.swift in Sources */,
			);
			runOnlyForDeploymentPostprocessing = 0;
		};
		2BBA952D2945087F00B2E820 /* Sources */ = {
			isa = PBXSourcesBuildPhase;
			buildActionMask = 2147483647;
			files = (
				2BBA95382945087F00B2E820 /* loginUITestsLaunchTests.swift in Sources */,
				2BBA95362945087F00B2E820 /* loginUITests.swift in Sources */,
			);
			runOnlyForDeploymentPostprocessing = 0;
		};
/* End PBXSourcesBuildPhase section */

/* Begin PBXTargetDependency section */
		2BBA95292945087F00B2E820 /* PBXTargetDependency */ = {
			isa = PBXTargetDependency;
			target = 2BBA95102945087E00B2E820 /* login */;
			targetProxy = 2BBA95282945087F00B2E820 /* PBXContainerItemProxy */;
		};
		2BBA95332945087F00B2E820 /* PBXTargetDependency */ = {
			isa = PBXTargetDependency;
			target = 2BBA95102945087E00B2E820 /* login */;
			targetProxy = 2BBA95322945087F00B2E820 /* PBXContainerItemProxy */;
		};
/* End PBXTargetDependency section */

/* Begin PBXVariantGroup section */
		2BBA951A2945087E00B2E820 /* Main.storyboard */ = {
			isa = PBXVariantGroup;
			children = (
				2BBA951B2945087E00B2E820 /* Base */,
			);
			name = Main.storyboard;
			sourceTree = "<group>";
		};
		2BBA951F2945087E00B2E820 /* LaunchScreen.storyboard */ = {
			isa = PBXVariantGroup;
			children = (
				2BBA95202945087E00B2E820 /* Base */,
			);
			name = LaunchScreen.storyboard;
			sourceTree = "<group>";
		};
/* End PBXVariantGroup section */

/* Begin XCBuildConfiguration section */
		2BBA95392945087F00B2E820 /* Debug */ = {
			isa = XCBuildConfiguration;
			buildSettings = {
				ALWAYS_SEARCH_USER_PATHS = NO;
				CLANG_ANALYZER_NONNULL = YES;
				CLANG_ANALYZER_NUMBER_OBJECT_CONVERSION = YES_AGGRESSIVE;
				CLANG_CXX_LANGUAGE_STANDARD = "gnu++20";
				CLANG_ENABLE_MODULES = YES;
				CLANG_ENABLE_OBJC_ARC = YES;
				CLANG_ENABLE_OBJC_WEAK = YES;
				CLANG_WARN_BLOCK_CAPTURE_AUTORELEASING = YES;
				CLANG_WARN_BOOL_CONVERSION = YES;
				CLANG_WARN_COMMA = YES;
				CLANG_WARN_CONSTANT_CONVERSION = YES;
				CLANG_WARN_DEPRECATED_OBJC_IMPLEMENTATIONS = YES;
				CLANG_WARN_DIRECT_OBJC_ISA_USAGE = YES_ERROR;
				CLANG_WARN_DOCUMENTATION_COMMENTS = YES;
				CLANG_WARN_EMPTY_BODY = YES;
				CLANG_WARN_ENUM_CONVERSION = YES;
				CLANG_WARN_INFINITE_RECURSION = YES;
				CLANG_WARN_INT_CONVERSION = YES;
				CLANG_WARN_NON_LITERAL_NULL_CONVERSION = YES;
				CLANG_WARN_OBJC_IMPLICIT_RETAIN_SELF = YES;
				CLANG_WARN_OBJC_LITERAL_CONVERSION = YES;
				CLANG_WARN_OBJC_ROOT_CLASS = YES_ERROR;
				CLANG_WARN_QUOTED_INCLUDE_IN_FRAMEWORK_HEADER = YES;
				CLANG_WARN_RANGE_LOOP_ANALYSIS = YES;
				CLANG_WARN_STRICT_PROTOTYPES = YES;
				CLANG_WARN_SUSPICIOUS_MOVE = YES;
				CLANG_WARN_UNGUARDED_AVAILABILITY = YES_AGGRESSIVE;
				CLANG_WARN_UNREACHABLE_CODE = YES;
				CLANG_WARN__DUPLICATE_METHOD_MATCH = YES;
				COPY_PHASE_STRIP = NO;
				DEBUG_INFORMATION_FORMAT = dwarf;
				ENABLE_STRICT_OBJC_MSGSEND = YES;
				ENABLE_TESTABILITY = YES;
				GCC_C_LANGUAGE_STANDARD = gnu11;
				GCC_DYNAMIC_NO_PIC = NO;
				GCC_NO_COMMON_BLOCKS = YES;
				GCC_OPTIMIZATION_LEVEL = 0;
				GCC_PREPROCESSOR_DEFINITIONS = (
					"DEBUG=1",
					"$(inherited)",
				);
				GCC_WARN_64_TO_32_BIT_CONVERSION = YES;
				GCC_WARN_ABOUT_RETURN_TYPE = YES_ERROR;
				GCC_WARN_UNDECLARED_SELECTOR = YES;
				GCC_WARN_UNINITIALIZED_AUTOS = YES_AGGRESSIVE;
				GCC_WARN_UNUSED_FUNCTION = YES;
				GCC_WARN_UNUSED_VARIABLE = YES;
				IPHONEOS_DEPLOYMENT_TARGET = 16.0;
				MTL_ENABLE_DEBUG_INFO = INCLUDE_SOURCE;
				MTL_FAST_MATH = YES;
				ONLY_ACTIVE_ARCH = YES;
				SDKROOT = iphoneos;
				SWIFT_ACTIVE_COMPILATION_CONDITIONS = DEBUG;
				SWIFT_OPTIMIZATION_LEVEL = "-Onone";
			};
			name = Debug;
		};
		2BBA953A2945087F00B2E820 /* Release */ = {
			isa = XCBuildConfiguration;
			buildSettings = {
				ALWAYS_SEARCH_USER_PATHS = NO;
				CLANG_ANALYZER_NONNULL = YES;
				CLANG_ANALYZER_NUMBER_OBJECT_CONVERSION = YES_AGGRESSIVE;
				CLANG_CXX_LANGUAGE_STANDARD = "gnu++20";
				CLANG_ENABLE_MODULES = YES;
				CLANG_ENABLE_OBJC_ARC = YES;
				CLANG_ENABLE_OBJC_WEAK = YES;
				CLANG_WARN_BLOCK_CAPTURE_AUTORELEASING = YES;
				CLANG_WARN_BOOL_CONVERSION = YES;
				CLANG_WARN_COMMA = YES;
				CLANG_WARN_CONSTANT_CONVERSION = YES;
				CLANG_WARN_DEPRECATED_OBJC_IMPLEMENTATIONS = YES;
				CLANG_WARN_DIRECT_OBJC_ISA_USAGE = YES_ERROR;
				CLANG_WARN_DOCUMENTATION_COMMENTS = YES;
				CLANG_WARN_EMPTY_BODY = YES;
				CLANG_WARN_ENUM_CONVERSION = YES;
				CLANG_WARN_INFINITE_RECURSION = YES;
				CLANG_WARN_INT_CONVERSION = YES;
				CLANG_WARN_NON_LITERAL_NULL_CONVERSION = YES;
				CLANG_WARN_OBJC_IMPLICIT_RETAIN_SELF = YES;
				CLANG_WARN_OBJC_LITERAL_CONVERSION = YES;
				CLANG_WARN_OBJC_ROOT_CLASS = YES_ERROR;
				CLANG_WARN_QUOTED_INCLUDE_IN_FRAMEWORK_HEADER = YES;
				CLANG_WARN_RANGE_LOOP_ANALYSIS = YES;
				CLANG_WARN_STRICT_PROTOTYPES = YES;
				CLANG_WARN_SUSPICIOUS_MOVE = YES;
				CLANG_WARN_UNGUARDED_AVAILABILITY = YES_AGGRESSIVE;
				CLANG_WARN_UNREACHABLE_CODE = YES;
				CLANG_WARN__DUPLICATE_METHOD_MATCH = YES;
				COPY_PHASE_STRIP = NO;
				DEBUG_INFORMATION_FORMAT = "dwarf-with-dsym";
				ENABLE_NS_ASSERTIONS = NO;
				ENABLE_STRICT_OBJC_MSGSEND = YES;
				GCC_C_LANGUAGE_STANDARD = gnu11;
				GCC_NO_COMMON_BLOCKS = YES;
				GCC_WARN_64_TO_32_BIT_CONVERSION = YES;
				GCC_WARN_ABOUT_RETURN_TYPE = YES_ERROR;
				GCC_WARN_UNDECLARED_SELECTOR = YES;
				GCC_WARN_UNINITIALIZED_AUTOS = YES_AGGRESSIVE;
				GCC_WARN_UNUSED_FUNCTION = YES;
				GCC_WARN_UNUSED_VARIABLE = YES;
				IPHONEOS_DEPLOYMENT_TARGET = 16.0;
				MTL_ENABLE_DEBUG_INFO = NO;
				MTL_FAST_MATH = YES;
				SDKROOT = iphoneos;
				SWIFT_COMPILATION_MODE = wholemodule;
				SWIFT_OPTIMIZATION_LEVEL = "-O";
				VALIDATE_PRODUCT = YES;
			};
			name = Release;
		};
		2BBA953C2945087F00B2E820 /* Debug */ = {
			isa = XCBuildConfiguration;
			buildSettings = {
				ASSETCATALOG_COMPILER_APPICON_NAME = AppIcon;
				ASSETCATALOG_COMPILER_GLOBAL_ACCENT_COLOR_NAME = AccentColor;
				CODE_SIGN_STYLE = Automatic;
				CURRENT_PROJECT_VERSION = 1;
				DEVELOPMENT_TEAM = 3Q629HCDTF;
				GENERATE_INFOPLIST_FILE = YES;
				INFOPLIST_FILE = login/Info.plist;
				INFOPLIST_KEY_UIApplicationSupportsIndirectInputEvents = YES;
				INFOPLIST_KEY_UILaunchStoryboardName = LaunchScreen;
				INFOPLIST_KEY_UIMainStoryboardFile = Main;
				INFOPLIST_KEY_UISupportedInterfaceOrientations_iPad = "UIInterfaceOrientationPortrait UIInterfaceOrientationPortraitUpsideDown UIInterfaceOrientationLandscapeLeft UIInterfaceOrientationLandscapeRight";
				INFOPLIST_KEY_UISupportedInterfaceOrientations_iPhone = "UIInterfaceOrientationPortrait UIInterfaceOrientationLandscapeLeft UIInterfaceOrientationLandscapeRight";
				LD_RUNPATH_SEARCH_PATHS = (
					"$(inherited)",
					"@executable_path/Frameworks",
				);
				MARKETING_VERSION = 1.0;
				PRODUCT_BUNDLE_IDENTIFIER = pw.fs6.login;
				PRODUCT_NAME = "$(TARGET_NAME)";
				SWIFT_EMIT_LOC_STRINGS = YES;
				SWIFT_VERSION = 5.0;
				TARGETED_DEVICE_FAMILY = "1,2";
			};
			name = Debug;
		};
		2BBA953D2945087F00B2E820 /* Release */ = {
			isa = XCBuildConfiguration;
			buildSettings = {
				ASSETCATALOG_COMPILER_APPICON_NAME = AppIcon;
				ASSETCATALOG_COMPILER_GLOBAL_ACCENT_COLOR_NAME = AccentColor;
				CODE_SIGN_STYLE = Automatic;
				CURRENT_PROJECT_VERSION = 1;
				DEVELOPMENT_TEAM = 3Q629HCDTF;
				GENERATE_INFOPLIST_FILE = YES;
				INFOPLIST_FILE = login/Info.plist;
				INFOPLIST_KEY_UIApplicationSupportsIndirectInputEvents = YES;
				INFOPLIST_KEY_UILaunchStoryboardName = LaunchScreen;
				INFOPLIST_KEY_UIMainStoryboardFile = Main;
				INFOPLIST_KEY_UISupportedInterfaceOrientations_iPad = "UIInterfaceOrientationPortrait UIInterfaceOrientationPortraitUpsideDown UIInterfaceOrientationLandscapeLeft UIInterfaceOrientationLandscapeRight";
				INFOPLIST_KEY_UISupportedInterfaceOrientations_iPhone = "UIInterfaceOrientationPortrait UIInterfaceOrientationLandscapeLeft UIInterfaceOrientationLandscapeRight";
				LD_RUNPATH_SEARCH_PATHS = (
					"$(inherited)",
					"@executable_path/Frameworks",
				);
				MARKETING_VERSION = 1.0;
				PRODUCT_BUNDLE_IDENTIFIER = pw.fs6.login;
				PRODUCT_NAME = "$(TARGET_NAME)";
				SWIFT_EMIT_LOC_STRINGS = YES;
				SWIFT_VERSION = 5.0;
				TARGETED_DEVICE_FAMILY = "1,2";
			};
			name = Release;
		};
		2BBA953F2945087F00B2E820 /* Debug */ = {
			isa = XCBuildConfiguration;
			buildSettings = {
				ALWAYS_EMBED_SWIFT_STANDARD_LIBRARIES = YES;
				BUNDLE_LOADER = "$(TEST_HOST)";
				CODE_SIGN_STYLE = Automatic;
				CURRENT_PROJECT_VERSION = 1;
				DEVELOPMENT_TEAM = "";
				GENERATE_INFOPLIST_FILE = YES;
				IPHONEOS_DEPLOYMENT_TARGET = 16.0;
				MARKETING_VERSION = 1.0;
				PRODUCT_BUNDLE_IDENTIFIER = pw.fs6.loginTests;
				PRODUCT_NAME = "$(TARGET_NAME)";
				SWIFT_EMIT_LOC_STRINGS = NO;
				SWIFT_VERSION = 5.0;
				TARGETED_DEVICE_FAMILY = "1,2";
				TEST_HOST = "$(BUILT_PRODUCTS_DIR)/login.app/$(BUNDLE_EXECUTABLE_FOLDER_PATH)/login";
			};
			name = Debug;
		};
		2BBA95402945087F00B2E820 /* Release */ = {
			isa = XCBuildConfiguration;
			buildSettings = {
				ALWAYS_EMBED_SWIFT_STANDARD_LIBRARIES = YES;
				BUNDLE_LOADER = "$(TEST_HOST)";
				CODE_SIGN_STYLE = Automatic;
				CURRENT_PROJECT_VERSION = 1;
				DEVELOPMENT_TEAM = "";
				GENERATE_INFOPLIST_FILE = YES;
				IPHONEOS_DEPLOYMENT_TARGET = 16.0;
				MARKETING_VERSION = 1.0;
				PRODUCT_BUNDLE_IDENTIFIER = pw.fs6.loginTests;
				PRODUCT_NAME = "$(TARGET_NAME)";
				SWIFT_EMIT_LOC_STRINGS = NO;
				SWIFT_VERSION = 5.0;
				TARGETED_DEVICE_FAMILY = "1,2";
				TEST_HOST = "$(BUILT_PRODUCTS_DIR)/login.app/$(BUNDLE_EXECUTABLE_FOLDER_PATH)/login";
			};
			name = Release;
		};
		2BBA95422945087F00B2E820 /* Debug */ = {
			isa = XCBuildConfiguration;
			buildSettings = {
				ALWAYS_EMBED_SWIFT_STANDARD_LIBRARIES = YES;
				CODE_SIGN_STYLE = Automatic;
				CURRENT_PROJECT_VERSION = 1;
				DEVELOPMENT_TEAM = 3Q629HCDTF;
				GENERATE_INFOPLIST_FILE = YES;
				MARKETING_VERSION = 1.0;
				PRODUCT_BUNDLE_IDENTIFIER = pw.fs6.loginUITests;
				PRODUCT_NAME = "$(TARGET_NAME)";
				SWIFT_EMIT_LOC_STRINGS = NO;
				SWIFT_VERSION = 5.0;
				TARGETED_DEVICE_FAMILY = "1,2";
				TEST_TARGET_NAME = login;
			};
			name = Debug;
		};
		2BBA95432945087F00B2E820 /* Release */ = {
			isa = XCBuildConfiguration;
			buildSettings = {
				ALWAYS_EMBED_SWIFT_STANDARD_LIBRARIES = YES;
				CODE_SIGN_STYLE = Automatic;
				CURRENT_PROJECT_VERSION = 1;
				DEVELOPMENT_TEAM = 3Q629HCDTF;
				GENERATE_INFOPLIST_FILE = YES;
				MARKETING_VERSION = 1.0;
				PRODUCT_BUNDLE_IDENTIFIER = pw.fs6.loginUITests;
				PRODUCT_NAME = "$(TARGET_NAME)";
				SWIFT_EMIT_LOC_STRINGS = NO;
				SWIFT_VERSION = 5.0;
				TARGETED_DEVICE_FAMILY = "1,2";
				TEST_TARGET_NAME = login;
			};
			name = Release;
		};
/* End XCBuildConfiguration section */

/* Begin XCConfigurationList section */
		2BBA950C2945087D00B2E820 /* Build configuration list for PBXProject "login" */ = {
			isa = XCConfigurationList;
			buildConfigurations = (
				2BBA95392945087F00B2E820 /* Debug */,
				2BBA953A2945087F00B2E820 /* Release */,
			);
			defaultConfigurationIsVisible = 0;
			defaultConfigurationName = Release;
		};
		2BBA953B2945087F00B2E820 /* Build configuration list for PBXNativeTarget "login" */ = {
			isa = XCConfigurationList;
			buildConfigurations = (
				2BBA953C2945087F00B2E820 /* Debug */,
				2BBA953D2945087F00B2E820 /* Release */,
			);
			defaultConfigurationIsVisible = 0;
			defaultConfigurationName = Release;
		};
		2BBA953E2945087F00B2E820 /* Build configuration list for PBXNativeTarget "loginTests" */ = {
			isa = XCConfigurationList;
			buildConfigurations = (
				2BBA953F2945087F00B2E820 /* Debug */,
				2BBA95402945087F00B2E820 /* Release */,
			);
			defaultConfigurationIsVisible = 0;
			defaultConfigurationName = Release;
		};
		2BBA95412945087F00B2E820 /* Build configuration list for PBXNativeTarget "loginUITests" */ = {
			isa = XCConfigurationList;
			buildConfigurations = (
				2BBA95422945087F00B2E820 /* Debug */,
				2BBA95432945087F00B2E820 /* Release */,
			);
			defaultConfigurationIsVisible = 0;
			defaultConfigurationName = Release;
		};
/* End XCConfigurationList section */

/* Begin XCRemoteSwiftPackageReference section */
		2BD754F02945451C00DB73A9 /* XCRemoteSwiftPackageReference "firebase-ios-sdk" */ = {
			isa = XCRemoteSwiftPackageReference;
			repositoryURL = "https://github.com/firebase/firebase-ios-sdk";
			requirement = {
				branch = master;
				kind = branch;
			};
		};
/* End XCRemoteSwiftPackageReference section */

/* Begin XCSwiftPackageProductDependency section */
		2BD754F12945451C00DB73A9 /* FirebaseAuth */ = {
			isa = XCSwiftPackageProductDependency;
			package = 2BD754F02945451C00DB73A9 /* XCRemoteSwiftPackageReference "firebase-ios-sdk" */;
			productName = FirebaseAuth;
		};
		2BD754F32945451C00DB73A9 /* FirebaseDatabase */ = {
			isa = XCSwiftPackageProductDependency;
			package = 2BD754F02945451C00DB73A9 /* XCRemoteSwiftPackageReference "firebase-ios-sdk" */;
			productName = FirebaseDatabase;
		};
		2BD754F52945451C00DB73A9 /* FirebaseFirestore */ = {
			isa = XCSwiftPackageProductDependency;
			package = 2BD754F02945451C00DB73A9 /* XCRemoteSwiftPackageReference "firebase-ios-sdk" */;
			productName = FirebaseFirestore;
		};
/* End XCSwiftPackageProductDependency section */
	};
	rootObject = 2BBA95092945087D00B2E820 /* Project object */;
}
